
Microsoft Visual Studio Solution File, Format Version 12.00
Project("{F2A71F9B-5D33-465A-A702-920D77279786}") = "Mnd.Core", "Mnd.Core\Mnd.Core.fsproj", "{7ADD7CB1-5D5F-4B35-B00E-C96FC1ABB6D2}"
EndProject
Project("{F2A71F9B-5D33-465A-A702-920D77279786}") = "Mnd.Cmd", "Mnd.Cmd\Mnd.Cmd.fsproj", "{122F7AAE-89B3-4B33-903F-0137AEFACAD6}"
EndProject
Global
	GlobalSection(SolutionConfigurationPlatforms) = preSolution
		Debug|Any CPU = Debug|Any CPU
		Release|Any CPU = Release|Any CPU
	EndGlobalSection
	GlobalSection(ProjectConfigurationPlatforms) = postSolution
		{7ADD7CB1-5D5F-4B35-B00E-C96FC1ABB6D2}.Debug|Any CPU.ActiveCfg = Debug|Any CPU
		{7ADD7CB1-5D5F-4B35-B00E-C96FC1ABB6D2}.Debug|Any CPU.Build.0 = Debug|Any CPU
		{7ADD7CB1-5D5F-4B35-B00E-C96FC1ABB6D2}.Release|Any CPU.ActiveCfg = Release|Any CPU
		{7ADD7CB1-5D5F-4B35-B00E-C96FC1ABB6D2}.Release|Any CPU.Build.0 = Release|Any CPU
		{122F7AAE-89B3-4B33-903F-0137AEFACAD6}.Debug|Any CPU.ActiveCfg = Debug|Any CPU
		{122F7AAE-89B3-4B33-903F-0137AEFACAD6}.Debug|Any CPU.Build.0 = Debug|Any CPU
		{122F7AAE-89B3-4B33-903F-0137AEFACAD6}.Release|Any CPU.ActiveCfg = Release|Any CPU
		{122F7AAE-89B3-4B33-903F-0137AEFACAD6}.Release|Any CPU.Build.0 = Release|Any CPU
	EndGlobalSection
EndGlobal
